// !$*UTF8*$!
{
	archiveVersion = 1;
	classes = {
	};
	objectVersion = 55;
	objects = {

/* Begin PBXBuildFile section */
		364EED85273F74C000D6FC10 /* MainViewNavigationBar.swift in Sources */ = {isa = PBXBuildFile; fileRef = 364EED84273F74C000D6FC10 /* MainViewNavigationBar.swift */; };
		364EED87273F74E700D6FC10 /* MainViewNavigationBar.xib in Resources */ = {isa = PBXBuildFile; fileRef = 364EED86273F74E700D6FC10 /* MainViewNavigationBar.xib */; };
		364EED89273F77F800D6FC10 /* ATColor.swift in Sources */ = {isa = PBXBuildFile; fileRef = 364EED88273F77F800D6FC10 /* ATColor.swift */; };
		364EED8B273F99FC00D6FC10 /* ListViewController.swift in Sources */ = {isa = PBXBuildFile; fileRef = 364EED8A273F99FC00D6FC10 /* ListViewController.swift */; };
		364EED8D273F9A1700D6FC10 /* MapViewController.swift in Sources */ = {isa = PBXBuildFile; fileRef = 364EED8C273F9A1700D6FC10 /* MapViewController.swift */; };
		364EED912740363500D6FC10 /* ListTableViewCell.swift in Sources */ = {isa = PBXBuildFile; fileRef = 364EED902740363500D6FC10 /* ListTableViewCell.swift */; };
		364EED962740394F00D6FC10 /* StarRatingStackView.xib in Resources */ = {isa = PBXBuildFile; fileRef = 364EED932740394F00D6FC10 /* StarRatingStackView.xib */; };
		364EED972740394F00D6FC10 /* StarRatingView.swift in Sources */ = {isa = PBXBuildFile; fileRef = 364EED942740394F00D6FC10 /* StarRatingView.swift */; };
		364EED982740394F00D6FC10 /* StarRatingStackView.swift in Sources */ = {isa = PBXBuildFile; fileRef = 364EED952740394F00D6FC10 /* StarRatingStackView.swift */; };
		364EED9A27408E7300D6FC10 /* ListViewSections.swift in Sources */ = {isa = PBXBuildFile; fileRef = 364EED9927408E7300D6FC10 /* ListViewSections.swift */; };
		364EED9C27409F5400D6FC10 /* ATCache.swift in Sources */ = {isa = PBXBuildFile; fileRef = 364EED9B27409F5400D6FC10 /* ATCache.swift */; };
		364EED9E27409F6100D6FC10 /* DiscardableImage.swift in Sources */ = {isa = PBXBuildFile; fileRef = 364EED9D27409F6100D6FC10 /* DiscardableImage.swift */; };
		364EEDA027409FC900D6FC10 /* TableCellUIImageView.swift in Sources */ = {isa = PBXBuildFile; fileRef = 364EED9F27409FC900D6FC10 /* TableCellUIImageView.swift */; };
		364EEDA22740A33B00D6FC10 /* RestaurantDetailViewController.swift in Sources */ = {isa = PBXBuildFile; fileRef = 364EEDA12740A33B00D6FC10 /* RestaurantDetailViewController.swift */; };
		364EEDA52740ACD700D6FC10 /* GoogleMaps in Frameworks */ = {isa = PBXBuildFile; productRef = 364EEDA42740ACD700D6FC10 /* GoogleMaps */; };
		364EEDA72740ACD700D6FC10 /* GoogleMapsBase in Frameworks */ = {isa = PBXBuildFile; productRef = 364EEDA62740ACD700D6FC10 /* GoogleMapsBase */; };
		364EEDA92740ACD700D6FC10 /* GoogleMapsCore in Frameworks */ = {isa = PBXBuildFile; productRef = 364EEDA82740ACD700D6FC10 /* GoogleMapsCore */; };
		364EEDAB2740ACD700D6FC10 /* GoogleMapsM4B in Frameworks */ = {isa = PBXBuildFile; productRef = 364EEDAA2740ACD700D6FC10 /* GoogleMapsM4B */; };
		364EEDAD2740ACD700D6FC10 /* GooglePlaces in Frameworks */ = {isa = PBXBuildFile; productRef = 364EEDAC2740ACD700D6FC10 /* GooglePlaces */; };
		364EEDAF2740AE0200D6FC10 /* GoogleMapModels.swift in Sources */ = {isa = PBXBuildFile; fileRef = 364EEDAE2740AE0100D6FC10 /* GoogleMapModels.swift */; };
		364EEDB22740BE7300D6FC10 /* LocationManager.swift in Sources */ = {isa = PBXBuildFile; fileRef = 364EEDB12740BE7300D6FC10 /* LocationManager.swift */; };
		364EEDB42740CCD800D6FC10 /* UIViewController + Additional.swift in Sources */ = {isa = PBXBuildFile; fileRef = 364EEDB32740CCD800D6FC10 /* UIViewController + Additional.swift */; };
		364EEDB62740D37E00D6FC10 /* LocolazationStrings.swift in Sources */ = {isa = PBXBuildFile; fileRef = 364EEDB52740D37E00D6FC10 /* LocolazationStrings.swift */; };
		364EEDB92741BB3100D6FC10 /* LocationInfoView.swift in Sources */ = {isa = PBXBuildFile; fileRef = 364EEDB82741BB3100D6FC10 /* LocationInfoView.swift */; };
		364EEDBB2741BB3D00D6FC10 /* LocationInfoView.xib in Resources */ = {isa = PBXBuildFile; fileRef = 364EEDBA2741BB3D00D6FC10 /* LocationInfoView.xib */; };
		36BA24B1273EF4F200B5D24F /* AppDelegate.swift in Sources */ = {isa = PBXBuildFile; fileRef = 36BA24B0273EF4F200B5D24F /* AppDelegate.swift */; };
		36BA24B3273EF4F200B5D24F /* SceneDelegate.swift in Sources */ = {isa = PBXBuildFile; fileRef = 36BA24B2273EF4F200B5D24F /* SceneDelegate.swift */; };
		36BA24B5273EF4F200B5D24F /* MainViewController.swift in Sources */ = {isa = PBXBuildFile; fileRef = 36BA24B4273EF4F200B5D24F /* MainViewController.swift */; };
		36BA24B8273EF4F200B5D24F /* Main.storyboard in Resources */ = {isa = PBXBuildFile; fileRef = 36BA24B6273EF4F200B5D24F /* Main.storyboard */; };
		36BA24BB273EF4F200B5D24F /* ATRestaurants.xcdatamodeld in Sources */ = {isa = PBXBuildFile; fileRef = 36BA24B9273EF4F200B5D24F /* ATRestaurants.xcdatamodeld */; };
		36BA24BD273EF4F500B5D24F /* Assets.xcassets in Resources */ = {isa = PBXBuildFile; fileRef = 36BA24BC273EF4F500B5D24F /* Assets.xcassets */; };
		36BA24C0273EF4F500B5D24F /* LaunchScreen.storyboard in Resources */ = {isa = PBXBuildFile; fileRef = 36BA24BE273EF4F500B5D24F /* LaunchScreen.storyboard */; };
		36BA24CB273EF4F500B5D24F /* ATRestaurantsTests.swift in Sources */ = {isa = PBXBuildFile; fileRef = 36BA24CA273EF4F500B5D24F /* ATRestaurantsTests.swift */; };
		36BA24D5273EF4F500B5D24F /* ATRestaurantsUITests.swift in Sources */ = {isa = PBXBuildFile; fileRef = 36BA24D4273EF4F500B5D24F /* ATRestaurantsUITests.swift */; };
		36BA24D7273EF4F500B5D24F /* ATRestaurantsUITestsLaunchTests.swift in Sources */ = {isa = PBXBuildFile; fileRef = 36BA24D6273EF4F500B5D24F /* ATRestaurantsUITestsLaunchTests.swift */; };
		36BA24EB273EF7FD00B5D24F /* UIButton + Custom.swift in Sources */ = {isa = PBXBuildFile; fileRef = 36BA24EA273EF7FD00B5D24F /* UIButton + Custom.swift */; };
		36BA24EE273EF84F00B5D24F /* ApiClient.swift in Sources */ = {isa = PBXBuildFile; fileRef = 36BA24ED273EF84F00B5D24F /* ApiClient.swift */; };
		36BA24F1273EF8F200B5D24F /* RxCocoa in Frameworks */ = {isa = PBXBuildFile; productRef = 36BA24F0273EF8F200B5D24F /* RxCocoa */; };
		36BA24F3273EF8F200B5D24F /* RxSwift in Frameworks */ = {isa = PBXBuildFile; productRef = 36BA24F2273EF8F200B5D24F /* RxSwift */; };
		36BA24F6273EF95200B5D24F /* Differentiator in Frameworks */ = {isa = PBXBuildFile; productRef = 36BA24F5273EF95200B5D24F /* Differentiator */; };
		36BA24F8273EF95200B5D24F /* RxDataSources in Frameworks */ = {isa = PBXBuildFile; productRef = 36BA24F7273EF95200B5D24F /* RxDataSources */; };
		36BA24FA273F115900B5D24F /* ApiClient + Rx.swift in Sources */ = {isa = PBXBuildFile; fileRef = 36BA24F9273F115900B5D24F /* ApiClient + Rx.swift */; };
		36BA24FC273F119900B5D24F /* ApiConfig.swift in Sources */ = {isa = PBXBuildFile; fileRef = 36BA24FB273F119900B5D24F /* ApiConfig.swift */; };
		36BA24FF273F1B6100B5D24F /* ApiClient + Search.swift in Sources */ = {isa = PBXBuildFile; fileRef = 36BA24FE273F1B6100B5D24F /* ApiClient + Search.swift */; };
		36BA2502273F327C00B5D24F /* Resolver.swift in Sources */ = {isa = PBXBuildFile; fileRef = 36BA2501273F327C00B5D24F /* Resolver.swift */; };
		36BA2504273F351900B5D24F /* DependencyManager.swift in Sources */ = {isa = PBXBuildFile; fileRef = 36BA2503273F351900B5D24F /* DependencyManager.swift */; };
		36BA2506273F414900B5D24F /* MainViewControllerViewModel.swift in Sources */ = {isa = PBXBuildFile; fileRef = 36BA2505273F414900B5D24F /* MainViewControllerViewModel.swift */; };
		36BA2508273F443900B5D24F /* NearbyRestaurantsModel.swift in Sources */ = {isa = PBXBuildFile; fileRef = 36BA2507273F443900B5D24F /* NearbyRestaurantsModel.swift */; };
		36BA250A273F508100B5D24F /* DataParser.swift in Sources */ = {isa = PBXBuildFile; fileRef = 36BA2509273F508100B5D24F /* DataParser.swift */; };
/* End PBXBuildFile section */

/* Begin PBXContainerItemProxy section */
		36BA24C7273EF4F500B5D24F /* PBXContainerItemProxy */ = {
			isa = PBXContainerItemProxy;
			containerPortal = 36BA24A5273EF4F200B5D24F /* Project object */;
			proxyType = 1;
			remoteGlobalIDString = 36BA24AC273EF4F200B5D24F;
			remoteInfo = ATRestaurants;
		};
		36BA24D1273EF4F500B5D24F /* PBXContainerItemProxy */ = {
			isa = PBXContainerItemProxy;
			containerPortal = 36BA24A5273EF4F200B5D24F /* Project object */;
			proxyType = 1;
			remoteGlobalIDString = 36BA24AC273EF4F200B5D24F;
			remoteInfo = ATRestaurants;
		};
/* End PBXContainerItemProxy section */

/* Begin PBXFileReference section */
		364EED84273F74C000D6FC10 /* MainViewNavigationBar.swift */ = {isa = PBXFileReference; lastKnownFileType = sourcecode.swift; path = MainViewNavigationBar.swift; sourceTree = "<group>"; };
		364EED86273F74E700D6FC10 /* MainViewNavigationBar.xib */ = {isa = PBXFileReference; lastKnownFileType = file.xib; path = MainViewNavigationBar.xib; sourceTree = "<group>"; };
		364EED88273F77F800D6FC10 /* ATColor.swift */ = {isa = PBXFileReference; lastKnownFileType = sourcecode.swift; path = ATColor.swift; sourceTree = "<group>"; };
		364EED8A273F99FC00D6FC10 /* ListViewController.swift */ = {isa = PBXFileReference; lastKnownFileType = sourcecode.swift; path = ListViewController.swift; sourceTree = "<group>"; };
		364EED8C273F9A1700D6FC10 /* MapViewController.swift */ = {isa = PBXFileReference; lastKnownFileType = sourcecode.swift; path = MapViewController.swift; sourceTree = "<group>"; };
		364EED902740363500D6FC10 /* ListTableViewCell.swift */ = {isa = PBXFileReference; lastKnownFileType = sourcecode.swift; path = ListTableViewCell.swift; sourceTree = "<group>"; };
		364EED932740394F00D6FC10 /* StarRatingStackView.xib */ = {isa = PBXFileReference; fileEncoding = 4; lastKnownFileType = file.xib; path = StarRatingStackView.xib; sourceTree = "<group>"; };
		364EED942740394F00D6FC10 /* StarRatingView.swift */ = {isa = PBXFileReference; fileEncoding = 4; lastKnownFileType = sourcecode.swift; path = StarRatingView.swift; sourceTree = "<group>"; };
		364EED952740394F00D6FC10 /* StarRatingStackView.swift */ = {isa = PBXFileReference; fileEncoding = 4; lastKnownFileType = sourcecode.swift; path = StarRatingStackView.swift; sourceTree = "<group>"; };
		364EED9927408E7300D6FC10 /* ListViewSections.swift */ = {isa = PBXFileReference; lastKnownFileType = sourcecode.swift; path = ListViewSections.swift; sourceTree = "<group>"; };
		364EED9B27409F5400D6FC10 /* ATCache.swift */ = {isa = PBXFileReference; fileEncoding = 4; lastKnownFileType = sourcecode.swift; path = ATCache.swift; sourceTree = "<group>"; };
		364EED9D27409F6100D6FC10 /* DiscardableImage.swift */ = {isa = PBXFileReference; fileEncoding = 4; lastKnownFileType = sourcecode.swift; path = DiscardableImage.swift; sourceTree = "<group>"; };
		364EED9F27409FC900D6FC10 /* TableCellUIImageView.swift */ = {isa = PBXFileReference; lastKnownFileType = sourcecode.swift; path = TableCellUIImageView.swift; sourceTree = "<group>"; };
		364EEDA12740A33B00D6FC10 /* RestaurantDetailViewController.swift */ = {isa = PBXFileReference; lastKnownFileType = sourcecode.swift; path = RestaurantDetailViewController.swift; sourceTree = "<group>"; };
		364EEDAE2740AE0100D6FC10 /* GoogleMapModels.swift */ = {isa = PBXFileReference; lastKnownFileType = sourcecode.swift; path = GoogleMapModels.swift; sourceTree = "<group>"; };
		364EEDB12740BE7300D6FC10 /* LocationManager.swift */ = {isa = PBXFileReference; lastKnownFileType = sourcecode.swift; path = LocationManager.swift; sourceTree = "<group>"; };
		364EEDB32740CCD800D6FC10 /* UIViewController + Additional.swift */ = {isa = PBXFileReference; lastKnownFileType = sourcecode.swift; path = "UIViewController + Additional.swift"; sourceTree = "<group>"; };
		364EEDB52740D37E00D6FC10 /* LocolazationStrings.swift */ = {isa = PBXFileReference; lastKnownFileType = sourcecode.swift; path = LocolazationStrings.swift; sourceTree = "<group>"; };
		364EEDB82741BB3100D6FC10 /* LocationInfoView.swift */ = {isa = PBXFileReference; lastKnownFileType = sourcecode.swift; path = LocationInfoView.swift; sourceTree = "<group>"; };
		364EEDBA2741BB3D00D6FC10 /* LocationInfoView.xib */ = {isa = PBXFileReference; lastKnownFileType = file.xib; path = LocationInfoView.xib; sourceTree = "<group>"; };
		36BA24AD273EF4F200B5D24F /* ATRestaurants.app */ = {isa = PBXFileReference; explicitFileType = wrapper.application; includeInIndex = 0; path = ATRestaurants.app; sourceTree = BUILT_PRODUCTS_DIR; };
		36BA24B0273EF4F200B5D24F /* AppDelegate.swift */ = {isa = PBXFileReference; lastKnownFileType = sourcecode.swift; path = AppDelegate.swift; sourceTree = "<group>"; };
		36BA24B2273EF4F200B5D24F /* SceneDelegate.swift */ = {isa = PBXFileReference; lastKnownFileType = sourcecode.swift; path = SceneDelegate.swift; sourceTree = "<group>"; };
		36BA24B4273EF4F200B5D24F /* MainViewController.swift */ = {isa = PBXFileReference; lastKnownFileType = sourcecode.swift; path = MainViewController.swift; sourceTree = "<group>"; };
		36BA24B7273EF4F200B5D24F /* Base */ = {isa = PBXFileReference; lastKnownFileType = file.storyboard; name = Base; path = Base.lproj/Main.storyboard; sourceTree = "<group>"; };
		36BA24BA273EF4F200B5D24F /* ATRestaurants.xcdatamodel */ = {isa = PBXFileReference; lastKnownFileType = wrapper.xcdatamodel; path = ATRestaurants.xcdatamodel; sourceTree = "<group>"; };
		36BA24BC273EF4F500B5D24F /* Assets.xcassets */ = {isa = PBXFileReference; lastKnownFileType = folder.assetcatalog; path = Assets.xcassets; sourceTree = "<group>"; };
		36BA24BF273EF4F500B5D24F /* Base */ = {isa = PBXFileReference; lastKnownFileType = file.storyboard; name = Base; path = Base.lproj/LaunchScreen.storyboard; sourceTree = "<group>"; };
		36BA24C1273EF4F500B5D24F /* Info.plist */ = {isa = PBXFileReference; lastKnownFileType = text.plist.xml; path = Info.plist; sourceTree = "<group>"; };
		36BA24C6273EF4F500B5D24F /* ATRestaurantsTests.xctest */ = {isa = PBXFileReference; explicitFileType = wrapper.cfbundle; includeInIndex = 0; path = ATRestaurantsTests.xctest; sourceTree = BUILT_PRODUCTS_DIR; };
		36BA24CA273EF4F500B5D24F /* ATRestaurantsTests.swift */ = {isa = PBXFileReference; lastKnownFileType = sourcecode.swift; path = ATRestaurantsTests.swift; sourceTree = "<group>"; };
		36BA24D0273EF4F500B5D24F /* ATRestaurantsUITests.xctest */ = {isa = PBXFileReference; explicitFileType = wrapper.cfbundle; includeInIndex = 0; path = ATRestaurantsUITests.xctest; sourceTree = BUILT_PRODUCTS_DIR; };
		36BA24D4273EF4F500B5D24F /* ATRestaurantsUITests.swift */ = {isa = PBXFileReference; lastKnownFileType = sourcecode.swift; path = ATRestaurantsUITests.swift; sourceTree = "<group>"; };
		36BA24D6273EF4F500B5D24F /* ATRestaurantsUITestsLaunchTests.swift */ = {isa = PBXFileReference; lastKnownFileType = sourcecode.swift; path = ATRestaurantsUITestsLaunchTests.swift; sourceTree = "<group>"; };
		36BA24EA273EF7FD00B5D24F /* UIButton + Custom.swift */ = {isa = PBXFileReference; lastKnownFileType = sourcecode.swift; path = "UIButton + Custom.swift"; sourceTree = "<group>"; };
		36BA24ED273EF84F00B5D24F /* ApiClient.swift */ = {isa = PBXFileReference; lastKnownFileType = sourcecode.swift; path = ApiClient.swift; sourceTree = "<group>"; };
		36BA24F9273F115900B5D24F /* ApiClient + Rx.swift */ = {isa = PBXFileReference; lastKnownFileType = sourcecode.swift; path = "ApiClient + Rx.swift"; sourceTree = "<group>"; };
		36BA24FB273F119900B5D24F /* ApiConfig.swift */ = {isa = PBXFileReference; lastKnownFileType = sourcecode.swift; path = ApiConfig.swift; sourceTree = "<group>"; };
		36BA24FE273F1B6100B5D24F /* ApiClient + Search.swift */ = {isa = PBXFileReference; lastKnownFileType = sourcecode.swift; path = "ApiClient + Search.swift"; sourceTree = "<group>"; };
		36BA2501273F327C00B5D24F /* Resolver.swift */ = {isa = PBXFileReference; lastKnownFileType = sourcecode.swift; path = Resolver.swift; sourceTree = "<group>"; };
		36BA2503273F351900B5D24F /* DependencyManager.swift */ = {isa = PBXFileReference; lastKnownFileType = sourcecode.swift; path = DependencyManager.swift; sourceTree = "<group>"; };
		36BA2505273F414900B5D24F /* MainViewControllerViewModel.swift */ = {isa = PBXFileReference; lastKnownFileType = sourcecode.swift; path = MainViewControllerViewModel.swift; sourceTree = "<group>"; };
		36BA2507273F443900B5D24F /* NearbyRestaurantsModel.swift */ = {isa = PBXFileReference; lastKnownFileType = sourcecode.swift; path = NearbyRestaurantsModel.swift; sourceTree = "<group>"; };
		36BA2509273F508100B5D24F /* DataParser.swift */ = {isa = PBXFileReference; lastKnownFileType = sourcecode.swift; path = DataParser.swift; sourceTree = "<group>"; };
/* End PBXFileReference section */

/* Begin PBXFrameworksBuildPhase section */
		36BA24AA273EF4F200B5D24F /* Frameworks */ = {
			isa = PBXFrameworksBuildPhase;
			buildActionMask = 2147483647;
			files = (
				36BA24F3273EF8F200B5D24F /* RxSwift in Frameworks */,
				36BA24F8273EF95200B5D24F /* RxDataSources in Frameworks */,
				364EEDA52740ACD700D6FC10 /* GoogleMaps in Frameworks */,
				364EEDAD2740ACD700D6FC10 /* GooglePlaces in Frameworks */,
				364EEDA72740ACD700D6FC10 /* GoogleMapsBase in Frameworks */,
				36BA24F6273EF95200B5D24F /* Differentiator in Frameworks */,
				36BA24F1273EF8F200B5D24F /* RxCocoa in Frameworks */,
				364EEDAB2740ACD700D6FC10 /* GoogleMapsM4B in Frameworks */,
				364EEDA92740ACD700D6FC10 /* GoogleMapsCore in Frameworks */,
			);
			runOnlyForDeploymentPostprocessing = 0;
		};
		36BA24C3273EF4F500B5D24F /* Frameworks */ = {
			isa = PBXFrameworksBuildPhase;
			buildActionMask = 2147483647;
			files = (
			);
			runOnlyForDeploymentPostprocessing = 0;
		};
		36BA24CD273EF4F500B5D24F /* Frameworks */ = {
			isa = PBXFrameworksBuildPhase;
			buildActionMask = 2147483647;
			files = (
			);
			runOnlyForDeploymentPostprocessing = 0;
		};
/* End PBXFrameworksBuildPhase section */

/* Begin PBXGroup section */
		364EED83273F744400D6FC10 /* MainViewNavigationBar */ = {
			isa = PBXGroup;
			children = (
				364EED84273F74C000D6FC10 /* MainViewNavigationBar.swift */,
				364EED86273F74E700D6FC10 /* MainViewNavigationBar.xib */,
			);
			path = MainViewNavigationBar;
			sourceTree = "<group>";
		};
		364EED922740392D00D6FC10 /* StartRatingView */ = {
			isa = PBXGroup;
			children = (
				364EED952740394F00D6FC10 /* StarRatingStackView.swift */,
				364EED932740394F00D6FC10 /* StarRatingStackView.xib */,
				364EED942740394F00D6FC10 /* StarRatingView.swift */,
			);
			path = StartRatingView;
			sourceTree = "<group>";
		};
		364EEDB72741BAF300D6FC10 /* LocationInfoView */ = {
			isa = PBXGroup;
			children = (
				364EEDB82741BB3100D6FC10 /* LocationInfoView.swift */,
				364EEDBA2741BB3D00D6FC10 /* LocationInfoView.xib */,
			);
			path = LocationInfoView;
			sourceTree = "<group>";
		};
		36BA24A4273EF4F200B5D24F = {
			isa = PBXGroup;
			children = (
				36BA24AF273EF4F200B5D24F /* ATRestaurants */,
				36BA24C9273EF4F500B5D24F /* ATRestaurantsTests */,
				36BA24D3273EF4F500B5D24F /* ATRestaurantsUITests */,
				36BA24AE273EF4F200B5D24F /* Products */,
			);
			sourceTree = "<group>";
		};
		36BA24AE273EF4F200B5D24F /* Products */ = {
			isa = PBXGroup;
			children = (
				36BA24AD273EF4F200B5D24F /* ATRestaurants.app */,
				36BA24C6273EF4F500B5D24F /* ATRestaurantsTests.xctest */,
				36BA24D0273EF4F500B5D24F /* ATRestaurantsUITests.xctest */,
			);
			name = Products;
			sourceTree = "<group>";
		};
		36BA24AF273EF4F200B5D24F /* ATRestaurants */ = {
			isa = PBXGroup;
			children = (
				36BA24C1273EF4F500B5D24F /* Info.plist */,
				36BA24E3273EF50E00B5D24F /* AppConfigFiles */,
				36BA24E4273EF52300B5D24F /* Controllers */,
				36BA24E7273EF54200B5D24F /* Views */,
				36BA24E5273EF53100B5D24F /* ViewModels */,
				36BA24E6273EF53900B5D24F /* Models */,
				36BA24EC273EF82700B5D24F /* Helpers */,
				36BA24E8273EF56200B5D24F /* Storyboards */,
				36BA24E9273EF58700B5D24F /* CoreData */,
			);
			path = ATRestaurants;
			sourceTree = "<group>";
		};
		36BA24C9273EF4F500B5D24F /* ATRestaurantsTests */ = {
			isa = PBXGroup;
			children = (
				36BA24CA273EF4F500B5D24F /* ATRestaurantsTests.swift */,
			);
			path = ATRestaurantsTests;
			sourceTree = "<group>";
		};
		36BA24D3273EF4F500B5D24F /* ATRestaurantsUITests */ = {
			isa = PBXGroup;
			children = (
				36BA24D4273EF4F500B5D24F /* ATRestaurantsUITests.swift */,
				36BA24D6273EF4F500B5D24F /* ATRestaurantsUITestsLaunchTests.swift */,
			);
			path = ATRestaurantsUITests;
			sourceTree = "<group>";
		};
		36BA24E3273EF50E00B5D24F /* AppConfigFiles */ = {
			isa = PBXGroup;
			children = (
				36BA24B0273EF4F200B5D24F /* AppDelegate.swift */,
				36BA24B2273EF4F200B5D24F /* SceneDelegate.swift */,
				36BA24BC273EF4F500B5D24F /* Assets.xcassets */,
			);
			path = AppConfigFiles;
			sourceTree = "<group>";
		};
		36BA24E4273EF52300B5D24F /* Controllers */ = {
			isa = PBXGroup;
			children = (
				36BA24B4273EF4F200B5D24F /* MainViewController.swift */,
				364EED8C273F9A1700D6FC10 /* MapViewController.swift */,
				364EED8A273F99FC00D6FC10 /* ListViewController.swift */,
				364EEDA12740A33B00D6FC10 /* RestaurantDetailViewController.swift */,
			);
			path = Controllers;
			sourceTree = "<group>";
		};
		36BA24E5273EF53100B5D24F /* ViewModels */ = {
			isa = PBXGroup;
			children = (
				36BA2505273F414900B5D24F /* MainViewControllerViewModel.swift */,
			);
			path = ViewModels;
			sourceTree = "<group>";
		};
		36BA24E6273EF53900B5D24F /* Models */ = {
			isa = PBXGroup;
			children = (
				36BA2507273F443900B5D24F /* NearbyRestaurantsModel.swift */,
				364EED9927408E7300D6FC10 /* ListViewSections.swift */,
				364EEDAE2740AE0100D6FC10 /* GoogleMapModels.swift */,
			);
			path = Models;
			sourceTree = "<group>";
		};
		36BA24E7273EF54200B5D24F /* Views */ = {
			isa = PBXGroup;
			children = (
				364EEDB72741BAF300D6FC10 /* LocationInfoView */,
				364EED922740392D00D6FC10 /* StartRatingView */,
				364EED83273F744400D6FC10 /* MainViewNavigationBar */,
				364EED902740363500D6FC10 /* ListTableViewCell.swift */,
				364EED9D27409F6100D6FC10 /* DiscardableImage.swift */,
				364EED9F27409FC900D6FC10 /* TableCellUIImageView.swift */,
			);
			path = Views;
			sourceTree = "<group>";
		};
		36BA24E8273EF56200B5D24F /* Storyboards */ = {
			isa = PBXGroup;
			children = (
				36BA24B6273EF4F200B5D24F /* Main.storyboard */,
				36BA24BE273EF4F500B5D24F /* LaunchScreen.storyboard */,
			);
			path = Storyboards;
			sourceTree = "<group>";
		};
		36BA24E9273EF58700B5D24F /* CoreData */ = {
			isa = PBXGroup;
			children = (
				36BA24B9273EF4F200B5D24F /* ATRestaurants.xcdatamodeld */,
			);
			path = CoreData;
			sourceTree = "<group>";
		};
		36BA24EC273EF82700B5D24F /* Helpers */ = {
			isa = PBXGroup;
			children = (
				36BA2500273F31A600B5D24F /* Injection */,
				36BA24FD273F119E00B5D24F /* ApiSource */,
				364EEDB12740BE7300D6FC10 /* LocationManager.swift */,
				364EEDB32740CCD800D6FC10 /* UIViewController + Additional.swift */,
				36BA24EA273EF7FD00B5D24F /* UIButton + Custom.swift */,
				364EED88273F77F800D6FC10 /* ATColor.swift */,
				364EED9B27409F5400D6FC10 /* ATCache.swift */,
				364EEDB52740D37E00D6FC10 /* LocolazationStrings.swift */,
			);
			path = Helpers;
			sourceTree = "<group>";
		};
		36BA24FD273F119E00B5D24F /* ApiSource */ = {
			isa = PBXGroup;
			children = (
				36BA24ED273EF84F00B5D24F /* ApiClient.swift */,
				36BA24FB273F119900B5D24F /* ApiConfig.swift */,
				36BA24F9273F115900B5D24F /* ApiClient + Rx.swift */,
				36BA24FE273F1B6100B5D24F /* ApiClient + Search.swift */,
				36BA2509273F508100B5D24F /* DataParser.swift */,
			);
			path = ApiSource;
			sourceTree = "<group>";
		};
		36BA2500273F31A600B5D24F /* Injection */ = {
			isa = PBXGroup;
			children = (
				36BA2501273F327C00B5D24F /* Resolver.swift */,
				36BA2503273F351900B5D24F /* DependencyManager.swift */,
			);
			path = Injection;
			sourceTree = "<group>";
		};
/* End PBXGroup section */

/* Begin PBXNativeTarget section */
		36BA24AC273EF4F200B5D24F /* ATRestaurants */ = {
			isa = PBXNativeTarget;
			buildConfigurationList = 36BA24DA273EF4F500B5D24F /* Build configuration list for PBXNativeTarget "ATRestaurants" */;
			buildPhases = (
				36BA24A9273EF4F200B5D24F /* Sources */,
				36BA24AA273EF4F200B5D24F /* Frameworks */,
				36BA24AB273EF4F200B5D24F /* Resources */,
			);
			buildRules = (
			);
			dependencies = (
			);
			name = ATRestaurants;
			packageProductDependencies = (
				36BA24F0273EF8F200B5D24F /* RxCocoa */,
				36BA24F2273EF8F200B5D24F /* RxSwift */,
				36BA24F5273EF95200B5D24F /* Differentiator */,
				36BA24F7273EF95200B5D24F /* RxDataSources */,
				364EEDA42740ACD700D6FC10 /* GoogleMaps */,
				364EEDA62740ACD700D6FC10 /* GoogleMapsBase */,
				364EEDA82740ACD700D6FC10 /* GoogleMapsCore */,
				364EEDAA2740ACD700D6FC10 /* GoogleMapsM4B */,
				364EEDAC2740ACD700D6FC10 /* GooglePlaces */,
			);
			productName = ATRestaurants;
			productReference = 36BA24AD273EF4F200B5D24F /* ATRestaurants.app */;
			productType = "com.apple.product-type.application";
		};
		36BA24C5273EF4F500B5D24F /* ATRestaurantsTests */ = {
			isa = PBXNativeTarget;
			buildConfigurationList = 36BA24DD273EF4F500B5D24F /* Build configuration list for PBXNativeTarget "ATRestaurantsTests" */;
			buildPhases = (
				36BA24C2273EF4F500B5D24F /* Sources */,
				36BA24C3273EF4F500B5D24F /* Frameworks */,
				36BA24C4273EF4F500B5D24F /* Resources */,
			);
			buildRules = (
			);
			dependencies = (
				36BA24C8273EF4F500B5D24F /* PBXTargetDependency */,
			);
			name = ATRestaurantsTests;
			productName = ATRestaurantsTests;
			productReference = 36BA24C6273EF4F500B5D24F /* ATRestaurantsTests.xctest */;
			productType = "com.apple.product-type.bundle.unit-test";
		};
		36BA24CF273EF4F500B5D24F /* ATRestaurantsUITests */ = {
			isa = PBXNativeTarget;
			buildConfigurationList = 36BA24E0273EF4F500B5D24F /* Build configuration list for PBXNativeTarget "ATRestaurantsUITests" */;
			buildPhases = (
				36BA24CC273EF4F500B5D24F /* Sources */,
				36BA24CD273EF4F500B5D24F /* Frameworks */,
				36BA24CE273EF4F500B5D24F /* Resources */,
			);
			buildRules = (
			);
			dependencies = (
				36BA24D2273EF4F500B5D24F /* PBXTargetDependency */,
			);
			name = ATRestaurantsUITests;
			productName = ATRestaurantsUITests;
			productReference = 36BA24D0273EF4F500B5D24F /* ATRestaurantsUITests.xctest */;
			productType = "com.apple.product-type.bundle.ui-testing";
		};
/* End PBXNativeTarget section */

/* Begin PBXProject section */
		36BA24A5273EF4F200B5D24F /* Project object */ = {
			isa = PBXProject;
			attributes = {
				BuildIndependentTargetsInParallel = 1;
				LastSwiftUpdateCheck = 1300;
				LastUpgradeCheck = 1300;
				TargetAttributes = {
					36BA24AC273EF4F200B5D24F = {
						CreatedOnToolsVersion = 13.0;
					};
					36BA24C5273EF4F500B5D24F = {
						CreatedOnToolsVersion = 13.0;
						TestTargetID = 36BA24AC273EF4F200B5D24F;
					};
					36BA24CF273EF4F500B5D24F = {
						CreatedOnToolsVersion = 13.0;
						TestTargetID = 36BA24AC273EF4F200B5D24F;
					};
				};
			};
			buildConfigurationList = 36BA24A8273EF4F200B5D24F /* Build configuration list for PBXProject "ATRestaurants" */;
			compatibilityVersion = "Xcode 13.0";
			developmentRegion = en;
			hasScannedForEncodings = 0;
			knownRegions = (
				en,
				Base,
			);
			mainGroup = 36BA24A4273EF4F200B5D24F;
			packageReferences = (
				36BA24EF273EF8F200B5D24F /* XCRemoteSwiftPackageReference "RxSwift" */,
				36BA24F4273EF95200B5D24F /* XCRemoteSwiftPackageReference "RxDataSources" */,
				364EEDA32740ACD700D6FC10 /* XCRemoteSwiftPackageReference "GoogleMaps-SP" */,
			);
			productRefGroup = 36BA24AE273EF4F200B5D24F /* Products */;
			projectDirPath = "";
			projectRoot = "";
			targets = (
				36BA24AC273EF4F200B5D24F /* ATRestaurants */,
				36BA24C5273EF4F500B5D24F /* ATRestaurantsTests */,
				36BA24CF273EF4F500B5D24F /* ATRestaurantsUITests */,
			);
		};
/* End PBXProject section */

/* Begin PBXResourcesBuildPhase section */
		36BA24AB273EF4F200B5D24F /* Resources */ = {
			isa = PBXResourcesBuildPhase;
			buildActionMask = 2147483647;
			files = (
				36BA24C0273EF4F500B5D24F /* LaunchScreen.storyboard in Resources */,
				36BA24BD273EF4F500B5D24F /* Assets.xcassets in Resources */,
				36BA24B8273EF4F200B5D24F /* Main.storyboard in Resources */,
				364EED962740394F00D6FC10 /* StarRatingStackView.xib in Resources */,
				364EEDBB2741BB3D00D6FC10 /* LocationInfoView.xib in Resources */,
				364EED87273F74E700D6FC10 /* MainViewNavigationBar.xib in Resources */,
			);
			runOnlyForDeploymentPostprocessing = 0;
		};
		36BA24C4273EF4F500B5D24F /* Resources */ = {
			isa = PBXResourcesBuildPhase;
			buildActionMask = 2147483647;
			files = (
			);
			runOnlyForDeploymentPostprocessing = 0;
		};
		36BA24CE273EF4F500B5D24F /* Resources */ = {
			isa = PBXResourcesBuildPhase;
			buildActionMask = 2147483647;
			files = (
			);
			runOnlyForDeploymentPostprocessing = 0;
		};
/* End PBXResourcesBuildPhase section */

/* Begin PBXSourcesBuildPhase section */
		36BA24A9273EF4F200B5D24F /* Sources */ = {
			isa = PBXSourcesBuildPhase;
			buildActionMask = 2147483647;
			files = (
				364EED8B273F99FC00D6FC10 /* ListViewController.swift in Sources */,
				36BA2506273F414900B5D24F /* MainViewControllerViewModel.swift in Sources */,
				36BA24EB273EF7FD00B5D24F /* UIButton + Custom.swift in Sources */,
				36BA24B5273EF4F200B5D24F /* MainViewController.swift in Sources */,
				36BA24FC273F119900B5D24F /* ApiConfig.swift in Sources */,
				36BA24FA273F115900B5D24F /* ApiClient + Rx.swift in Sources */,
				364EEDA22740A33B00D6FC10 /* RestaurantDetailViewController.swift in Sources */,
				364EEDAF2740AE0200D6FC10 /* GoogleMapModels.swift in Sources */,
				36BA2508273F443900B5D24F /* NearbyRestaurantsModel.swift in Sources */,
				364EED85273F74C000D6FC10 /* MainViewNavigationBar.swift in Sources */,
				364EEDB42740CCD800D6FC10 /* UIViewController + Additional.swift in Sources */,
				364EEDB62740D37E00D6FC10 /* LocolazationStrings.swift in Sources */,
				364EED9A27408E7300D6FC10 /* ListViewSections.swift in Sources */,
				364EED912740363500D6FC10 /* ListTableViewCell.swift in Sources */,
				36BA24B1273EF4F200B5D24F /* AppDelegate.swift in Sources */,
				364EED89273F77F800D6FC10 /* ATColor.swift in Sources */,
				36BA2502273F327C00B5D24F /* Resolver.swift in Sources */,
				36BA24FF273F1B6100B5D24F /* ApiClient + Search.swift in Sources */,
				364EED982740394F00D6FC10 /* StarRatingStackView.swift in Sources */,
				364EED972740394F00D6FC10 /* StarRatingView.swift in Sources */,
				36BA24B3273EF4F200B5D24F /* SceneDelegate.swift in Sources */,
				364EED8D273F9A1700D6FC10 /* MapViewController.swift in Sources */,
				364EEDA027409FC900D6FC10 /* TableCellUIImageView.swift in Sources */,
				364EED9E27409F6100D6FC10 /* DiscardableImage.swift in Sources */,
				364EEDB92741BB3100D6FC10 /* LocationInfoView.swift in Sources */,
				36BA24BB273EF4F200B5D24F /* ATRestaurants.xcdatamodeld in Sources */,
				364EED9C27409F5400D6FC10 /* ATCache.swift in Sources */,
				364EEDB22740BE7300D6FC10 /* LocationManager.swift in Sources */,
				36BA24EE273EF84F00B5D24F /* ApiClient.swift in Sources */,
				36BA250A273F508100B5D24F /* DataParser.swift in Sources */,
				36BA2504273F351900B5D24F /* DependencyManager.swift in Sources */,
			);
			runOnlyForDeploymentPostprocessing = 0;
		};
		36BA24C2273EF4F500B5D24F /* Sources */ = {
			isa = PBXSourcesBuildPhase;
			buildActionMask = 2147483647;
			files = (
				36BA24CB273EF4F500B5D24F /* ATRestaurantsTests.swift in Sources */,
			);
			runOnlyForDeploymentPostprocessing = 0;
		};
		36BA24CC273EF4F500B5D24F /* Sources */ = {
			isa = PBXSourcesBuildPhase;
			buildActionMask = 2147483647;
			files = (
				36BA24D7273EF4F500B5D24F /* ATRestaurantsUITestsLaunchTests.swift in Sources */,
				36BA24D5273EF4F500B5D24F /* ATRestaurantsUITests.swift in Sources */,
			);
			runOnlyForDeploymentPostprocessing = 0;
		};
/* End PBXSourcesBuildPhase section */

/* Begin PBXTargetDependency section */
		36BA24C8273EF4F500B5D24F /* PBXTargetDependency */ = {
			isa = PBXTargetDependency;
			target = 36BA24AC273EF4F200B5D24F /* ATRestaurants */;
			targetProxy = 36BA24C7273EF4F500B5D24F /* PBXContainerItemProxy */;
		};
		36BA24D2273EF4F500B5D24F /* PBXTargetDependency */ = {
			isa = PBXTargetDependency;
			target = 36BA24AC273EF4F200B5D24F /* ATRestaurants */;
			targetProxy = 36BA24D1273EF4F500B5D24F /* PBXContainerItemProxy */;
		};
/* End PBXTargetDependency section */

/* Begin PBXVariantGroup section */
		36BA24B6273EF4F200B5D24F /* Main.storyboard */ = {
			isa = PBXVariantGroup;
			children = (
				36BA24B7273EF4F200B5D24F /* Base */,
			);
			name = Main.storyboard;
			sourceTree = "<group>";
		};
		36BA24BE273EF4F500B5D24F /* LaunchScreen.storyboard */ = {
			isa = PBXVariantGroup;
			children = (
				36BA24BF273EF4F500B5D24F /* Base */,
			);
			name = LaunchScreen.storyboard;
			sourceTree = "<group>";
		};
/* End PBXVariantGroup section */

/* Begin XCBuildConfiguration section */
		36BA24D8273EF4F500B5D24F /* Debug */ = {
			isa = XCBuildConfiguration;
			buildSettings = {
				ALWAYS_SEARCH_USER_PATHS = NO;
				CLANG_ANALYZER_NONNULL = YES;
				CLANG_ANALYZER_NUMBER_OBJECT_CONVERSION = YES_AGGRESSIVE;
				CLANG_CXX_LANGUAGE_STANDARD = "gnu++17";
				CLANG_CXX_LIBRARY = "libc++";
				CLANG_ENABLE_MODULES = YES;
				CLANG_ENABLE_OBJC_ARC = YES;
				CLANG_ENABLE_OBJC_WEAK = YES;
				CLANG_WARN_BLOCK_CAPTURE_AUTORELEASING = YES;
				CLANG_WARN_BOOL_CONVERSION = YES;
				CLANG_WARN_COMMA = YES;
				CLANG_WARN_CONSTANT_CONVERSION = YES;
				CLANG_WARN_DEPRECATED_OBJC_IMPLEMENTATIONS = YES;
				CLANG_WARN_DIRECT_OBJC_ISA_USAGE = YES_ERROR;
				CLANG_WARN_DOCUMENTATION_COMMENTS = YES;
				CLANG_WARN_EMPTY_BODY = YES;
				CLANG_WARN_ENUM_CONVERSION = YES;
				CLANG_WARN_INFINITE_RECURSION = YES;
				CLANG_WARN_INT_CONVERSION = YES;
				CLANG_WARN_NON_LITERAL_NULL_CONVERSION = YES;
				CLANG_WARN_OBJC_IMPLICIT_RETAIN_SELF = YES;
				CLANG_WARN_OBJC_LITERAL_CONVERSION = YES;
				CLANG_WARN_OBJC_ROOT_CLASS = YES_ERROR;
				CLANG_WARN_QUOTED_INCLUDE_IN_FRAMEWORK_HEADER = YES;
				CLANG_WARN_RANGE_LOOP_ANALYSIS = YES;
				CLANG_WARN_STRICT_PROTOTYPES = YES;
				CLANG_WARN_SUSPICIOUS_MOVE = YES;
				CLANG_WARN_UNGUARDED_AVAILABILITY = YES_AGGRESSIVE;
				CLANG_WARN_UNREACHABLE_CODE = YES;
				CLANG_WARN__DUPLICATE_METHOD_MATCH = YES;
				COPY_PHASE_STRIP = NO;
				DEBUG_INFORMATION_FORMAT = dwarf;
				ENABLE_STRICT_OBJC_MSGSEND = YES;
				ENABLE_TESTABILITY = YES;
				GCC_C_LANGUAGE_STANDARD = gnu11;
				GCC_DYNAMIC_NO_PIC = NO;
				GCC_NO_COMMON_BLOCKS = YES;
				GCC_OPTIMIZATION_LEVEL = 0;
				GCC_PREPROCESSOR_DEFINITIONS = (
					"DEBUG=1",
					"$(inherited)",
				);
				GCC_WARN_64_TO_32_BIT_CONVERSION = YES;
				GCC_WARN_ABOUT_RETURN_TYPE = YES_ERROR;
				GCC_WARN_UNDECLARED_SELECTOR = YES;
				GCC_WARN_UNINITIALIZED_AUTOS = YES_AGGRESSIVE;
				GCC_WARN_UNUSED_FUNCTION = YES;
				GCC_WARN_UNUSED_VARIABLE = YES;
				IPHONEOS_DEPLOYMENT_TARGET = 15.0;
				MTL_ENABLE_DEBUG_INFO = INCLUDE_SOURCE;
				MTL_FAST_MATH = YES;
				ONLY_ACTIVE_ARCH = YES;
				SDKROOT = iphoneos;
				SWIFT_ACTIVE_COMPILATION_CONDITIONS = DEBUG;
				SWIFT_OPTIMIZATION_LEVEL = "-Onone";
			};
			name = Debug;
		};
		36BA24D9273EF4F500B5D24F /* Release */ = {
			isa = XCBuildConfiguration;
			buildSettings = {
				ALWAYS_SEARCH_USER_PATHS = NO;
				CLANG_ANALYZER_NONNULL = YES;
				CLANG_ANALYZER_NUMBER_OBJECT_CONVERSION = YES_AGGRESSIVE;
				CLANG_CXX_LANGUAGE_STANDARD = "gnu++17";
				CLANG_CXX_LIBRARY = "libc++";
				CLANG_ENABLE_MODULES = YES;
				CLANG_ENABLE_OBJC_ARC = YES;
				CLANG_ENABLE_OBJC_WEAK = YES;
				CLANG_WARN_BLOCK_CAPTURE_AUTORELEASING = YES;
				CLANG_WARN_BOOL_CONVERSION = YES;
				CLANG_WARN_COMMA = YES;
				CLANG_WARN_CONSTANT_CONVERSION = YES;
				CLANG_WARN_DEPRECATED_OBJC_IMPLEMENTATIONS = YES;
				CLANG_WARN_DIRECT_OBJC_ISA_USAGE = YES_ERROR;
				CLANG_WARN_DOCUMENTATION_COMMENTS = YES;
				CLANG_WARN_EMPTY_BODY = YES;
				CLANG_WARN_ENUM_CONVERSION = YES;
				CLANG_WARN_INFINITE_RECURSION = YES;
				CLANG_WARN_INT_CONVERSION = YES;
				CLANG_WARN_NON_LITERAL_NULL_CONVERSION = YES;
				CLANG_WARN_OBJC_IMPLICIT_RETAIN_SELF = YES;
				CLANG_WARN_OBJC_LITERAL_CONVERSION = YES;
				CLANG_WARN_OBJC_ROOT_CLASS = YES_ERROR;
				CLANG_WARN_QUOTED_INCLUDE_IN_FRAMEWORK_HEADER = YES;
				CLANG_WARN_RANGE_LOOP_ANALYSIS = YES;
				CLANG_WARN_STRICT_PROTOTYPES = YES;
				CLANG_WARN_SUSPICIOUS_MOVE = YES;
				CLANG_WARN_UNGUARDED_AVAILABILITY = YES_AGGRESSIVE;
				CLANG_WARN_UNREACHABLE_CODE = YES;
				CLANG_WARN__DUPLICATE_METHOD_MATCH = YES;
				COPY_PHASE_STRIP = NO;
				DEBUG_INFORMATION_FORMAT = "dwarf-with-dsym";
				ENABLE_NS_ASSERTIONS = NO;
				ENABLE_STRICT_OBJC_MSGSEND = YES;
				GCC_C_LANGUAGE_STANDARD = gnu11;
				GCC_NO_COMMON_BLOCKS = YES;
				GCC_WARN_64_TO_32_BIT_CONVERSION = YES;
				GCC_WARN_ABOUT_RETURN_TYPE = YES_ERROR;
				GCC_WARN_UNDECLARED_SELECTOR = YES;
				GCC_WARN_UNINITIALIZED_AUTOS = YES_AGGRESSIVE;
				GCC_WARN_UNUSED_FUNCTION = YES;
				GCC_WARN_UNUSED_VARIABLE = YES;
				IPHONEOS_DEPLOYMENT_TARGET = 15.0;
				MTL_ENABLE_DEBUG_INFO = NO;
				MTL_FAST_MATH = YES;
				SDKROOT = iphoneos;
				SWIFT_COMPILATION_MODE = wholemodule;
				SWIFT_OPTIMIZATION_LEVEL = "-O";
				VALIDATE_PRODUCT = YES;
			};
			name = Release;
		};
		36BA24DB273EF4F500B5D24F /* Debug */ = {
			isa = XCBuildConfiguration;
			buildSettings = {
				ASSETCATALOG_COMPILER_APPICON_NAME = AppIcon;
				ASSETCATALOG_COMPILER_GLOBAL_ACCENT_COLOR_NAME = AccentColor;
				CODE_SIGN_STYLE = Automatic;
				CURRENT_PROJECT_VERSION = 1;
				DEVELOPMENT_TEAM = VW4K224JCY;
				GENERATE_INFOPLIST_FILE = YES;
				INFOPLIST_FILE = ATRestaurants/Info.plist;
				INFOPLIST_KEY_UIApplicationSupportsIndirectInputEvents = YES;
				INFOPLIST_KEY_UILaunchStoryboardName = LaunchScreen;
				INFOPLIST_KEY_UIMainStoryboardFile = Main;
				INFOPLIST_KEY_UISupportedInterfaceOrientations_iPad = "UIInterfaceOrientationPortrait UIInterfaceOrientationPortraitUpsideDown UIInterfaceOrientationLandscapeLeft UIInterfaceOrientationLandscapeRight";
				INFOPLIST_KEY_UISupportedInterfaceOrientations_iPhone = "UIInterfaceOrientationPortrait UIInterfaceOrientationLandscapeLeft UIInterfaceOrientationLandscapeRight";
				IPHONEOS_DEPLOYMENT_TARGET = 15.0;
				LD_RUNPATH_SEARCH_PATHS = (
					"$(inherited)",
					"@executable_path/Frameworks",
				);
				MARKETING_VERSION = 1.0;
				PRODUCT_BUNDLE_IDENTIFIER = com.wayne.ATRestaurants;
				PRODUCT_NAME = "$(TARGET_NAME)";
				SWIFT_EMIT_LOC_STRINGS = YES;
				SWIFT_VERSION = 5.0;
				TARGETED_DEVICE_FAMILY = 1;
			};
			name = Debug;
		};
		36BA24DC273EF4F500B5D24F /* Release */ = {
			isa = XCBuildConfiguration;
			buildSettings = {
				ASSETCATALOG_COMPILER_APPICON_NAME = AppIcon;
				ASSETCATALOG_COMPILER_GLOBAL_ACCENT_COLOR_NAME = AccentColor;
				CODE_SIGN_STYLE = Automatic;
				CURRENT_PROJECT_VERSION = 1;
				DEVELOPMENT_TEAM = VW4K224JCY;
				GENERATE_INFOPLIST_FILE = YES;
				INFOPLIST_FILE = ATRestaurants/Info.plist;
				INFOPLIST_KEY_UIApplicationSupportsIndirectInputEvents = YES;
				INFOPLIST_KEY_UILaunchStoryboardName = LaunchScreen;
				INFOPLIST_KEY_UIMainStoryboardFile = Main;
				INFOPLIST_KEY_UISupportedInterfaceOrientations_iPad = "UIInterfaceOrientationPortrait UIInterfaceOrientationPortraitUpsideDown UIInterfaceOrientationLandscapeLeft UIInterfaceOrientationLandscapeRight";
				INFOPLIST_KEY_UISupportedInterfaceOrientations_iPhone = "UIInterfaceOrientationPortrait UIInterfaceOrientationLandscapeLeft UIInterfaceOrientationLandscapeRight";
				IPHONEOS_DEPLOYMENT_TARGET = 15.0;
				LD_RUNPATH_SEARCH_PATHS = (
					"$(inherited)",
					"@executable_path/Frameworks",
				);
				MARKETING_VERSION = 1.0;
				PRODUCT_BUNDLE_IDENTIFIER = com.wayne.ATRestaurants;
				PRODUCT_NAME = "$(TARGET_NAME)";
				SWIFT_EMIT_LOC_STRINGS = YES;
				SWIFT_VERSION = 5.0;
				TARGETED_DEVICE_FAMILY = 1;
			};
			name = Release;
		};
		36BA24DE273EF4F500B5D24F /* Debug */ = {
			isa = XCBuildConfiguration;
			buildSettings = {
				ALWAYS_EMBED_SWIFT_STANDARD_LIBRARIES = YES;
				BUNDLE_LOADER = "$(TEST_HOST)";
				CODE_SIGN_STYLE = Automatic;
				CURRENT_PROJECT_VERSION = 1;
				DEVELOPMENT_TEAM = VW4K224JCY;
				GENERATE_INFOPLIST_FILE = YES;
				IPHONEOS_DEPLOYMENT_TARGET = 15.0;
				LD_RUNPATH_SEARCH_PATHS = (
					"$(inherited)",
					"@executable_path/Frameworks",
					"@loader_path/Frameworks",
				);
				MARKETING_VERSION = 1.0;
				PRODUCT_BUNDLE_IDENTIFIER = com.wayne.ATRestaurantsTests;
				PRODUCT_NAME = "$(TARGET_NAME)";
				SWIFT_EMIT_LOC_STRINGS = NO;
				SWIFT_VERSION = 5.0;
				TARGETED_DEVICE_FAMILY = "1,2";
				TEST_HOST = "$(BUILT_PRODUCTS_DIR)/ATRestaurants.app/ATRestaurants";
			};
			name = Debug;
		};
		36BA24DF273EF4F500B5D24F /* Release */ = {
			isa = XCBuildConfiguration;
			buildSettings = {
				ALWAYS_EMBED_SWIFT_STANDARD_LIBRARIES = YES;
				BUNDLE_LOADER = "$(TEST_HOST)";
				CODE_SIGN_STYLE = Automatic;
				CURRENT_PROJECT_VERSION = 1;
				DEVELOPMENT_TEAM = VW4K224JCY;
				GENERATE_INFOPLIST_FILE = YES;
				IPHONEOS_DEPLOYMENT_TARGET = 15.0;
				LD_RUNPATH_SEARCH_PATHS = (
					"$(inherited)",
					"@executable_path/Frameworks",
					"@loader_path/Frameworks",
				);
				MARKETING_VERSION = 1.0;
				PRODUCT_BUNDLE_IDENTIFIER = com.wayne.ATRestaurantsTests;
				PRODUCT_NAME = "$(TARGET_NAME)";
				SWIFT_EMIT_LOC_STRINGS = NO;
				SWIFT_VERSION = 5.0;
				TARGETED_DEVICE_FAMILY = "1,2";
				TEST_HOST = "$(BUILT_PRODUCTS_DIR)/ATRestaurants.app/ATRestaurants";
			};
			name = Release;
		};
		36BA24E1273EF4F500B5D24F /* Debug */ = {
			isa = XCBuildConfiguration;
			buildSettings = {
				ALWAYS_EMBED_SWIFT_STANDARD_LIBRARIES = YES;
				CODE_SIGN_STYLE = Automatic;
				CURRENT_PROJECT_VERSION = 1;
				DEVELOPMENT_TEAM = VW4K224JCY;
				GENERATE_INFOPLIST_FILE = YES;
				LD_RUNPATH_SEARCH_PATHS = (
					"$(inherited)",
					"@executable_path/Frameworks",
					"@loader_path/Frameworks",
				);
				MARKETING_VERSION = 1.0;
				PRODUCT_BUNDLE_IDENTIFIER = com.wayne.ATRestaurantsUITests;
				PRODUCT_NAME = "$(TARGET_NAME)";
				SWIFT_EMIT_LOC_STRINGS = NO;
				SWIFT_VERSION = 5.0;
				TARGETED_DEVICE_FAMILY = "1,2";
				TEST_TARGET_NAME = ATRestaurants;
			};
			name = Debug;
		};
		36BA24E2273EF4F500B5D24F /* Release */ = {
			isa = XCBuildConfiguration;
			buildSettings = {
				ALWAYS_EMBED_SWIFT_STANDARD_LIBRARIES = YES;
				CODE_SIGN_STYLE = Automatic;
				CURRENT_PROJECT_VERSION = 1;
				DEVELOPMENT_TEAM = VW4K224JCY;
				GENERATE_INFOPLIST_FILE = YES;
				LD_RUNPATH_SEARCH_PATHS = (
					"$(inherited)",
					"@executable_path/Frameworks",
					"@loader_path/Frameworks",
				);
				MARKETING_VERSION = 1.0;
				PRODUCT_BUNDLE_IDENTIFIER = com.wayne.ATRestaurantsUITests;
				PRODUCT_NAME = "$(TARGET_NAME)";
				SWIFT_EMIT_LOC_STRINGS = NO;
				SWIFT_VERSION = 5.0;
				TARGETED_DEVICE_FAMILY = "1,2";
				TEST_TARGET_NAME = ATRestaurants;
			};
			name = Release;
		};
/* End XCBuildConfiguration section */

/* Begin XCConfigurationList section */
		36BA24A8273EF4F200B5D24F /* Build configuration list for PBXProject "ATRestaurants" */ = {
			isa = XCConfigurationList;
			buildConfigurations = (
				36BA24D8273EF4F500B5D24F /* Debug */,
				36BA24D9273EF4F500B5D24F /* Release */,
			);
			defaultConfigurationIsVisible = 0;
			defaultConfigurationName = Release;
		};
		36BA24DA273EF4F500B5D24F /* Build configuration list for PBXNativeTarget "ATRestaurants" */ = {
			isa = XCConfigurationList;
			buildConfigurations = (
				36BA24DB273EF4F500B5D24F /* Debug */,
				36BA24DC273EF4F500B5D24F /* Release */,
			);
			defaultConfigurationIsVisible = 0;
			defaultConfigurationName = Release;
		};
		36BA24DD273EF4F500B5D24F /* Build configuration list for PBXNativeTarget "ATRestaurantsTests" */ = {
			isa = XCConfigurationList;
			buildConfigurations = (
				36BA24DE273EF4F500B5D24F /* Debug */,
				36BA24DF273EF4F500B5D24F /* Release */,
			);
			defaultConfigurationIsVisible = 0;
			defaultConfigurationName = Release;
		};
		36BA24E0273EF4F500B5D24F /* Build configuration list for PBXNativeTarget "ATRestaurantsUITests" */ = {
			isa = XCConfigurationList;
			buildConfigurations = (
				36BA24E1273EF4F500B5D24F /* Debug */,
				36BA24E2273EF4F500B5D24F /* Release */,
			);
			defaultConfigurationIsVisible = 0;
			defaultConfigurationName = Release;
		};
/* End XCConfigurationList section */

/* Begin XCRemoteSwiftPackageReference section */
		364EEDA32740ACD700D6FC10 /* XCRemoteSwiftPackageReference "GoogleMaps-SP" */ = {
			isa = XCRemoteSwiftPackageReference;
			repositoryURL = "https://github.com/YAtechnologies/GoogleMaps-SP.git";
			requirement = {
				kind = upToNextMajorVersion;
				minimumVersion = 5.0.0;
			};
		};
		36BA24EF273EF8F200B5D24F /* XCRemoteSwiftPackageReference "RxSwift" */ = {
			isa = XCRemoteSwiftPackageReference;
			repositoryURL = "https://github.com/ReactiveX/RxSwift.git";
			requirement = {
				kind = upToNextMajorVersion;
				minimumVersion = 6.0.0;
			};
		};
		36BA24F4273EF95200B5D24F /* XCRemoteSwiftPackageReference "RxDataSources" */ = {
			isa = XCRemoteSwiftPackageReference;
			repositoryURL = "https://github.com/RxSwiftCommunity/RxDataSources.git";
			requirement = {
				kind = upToNextMajorVersion;
				minimumVersion = 5.0.0;
			};
		};
/* End XCRemoteSwiftPackageReference section */

/* Begin XCSwiftPackageProductDependency section */
		364EEDA42740ACD700D6FC10 /* GoogleMaps */ = {
			isa = XCSwiftPackageProductDependency;
			package = 364EEDA32740ACD700D6FC10 /* XCRemoteSwiftPackageReference "GoogleMaps-SP" */;
			productName = GoogleMaps;
		};
		364EEDA62740ACD700D6FC10 /* GoogleMapsBase */ = {
			isa = XCSwiftPackageProductDependency;
			package = 364EEDA32740ACD700D6FC10 /* XCRemoteSwiftPackageReference "GoogleMaps-SP" */;
			productName = GoogleMapsBase;
		};
		364EEDA82740ACD700D6FC10 /* GoogleMapsCore */ = {
			isa = XCSwiftPackageProductDependency;
			package = 364EEDA32740ACD700D6FC10 /* XCRemoteSwiftPackageReference "GoogleMaps-SP" */;
			productName = GoogleMapsCore;
		};
		364EEDAA2740ACD700D6FC10 /* GoogleMapsM4B */ = {
			isa = XCSwiftPackageProductDependency;
			package = 364EEDA32740ACD700D6FC10 /* XCRemoteSwiftPackageReference "GoogleMaps-SP" */;
			productName = GoogleMapsM4B;
		};
		364EEDAC2740ACD700D6FC10 /* GooglePlaces */ = {
			isa = XCSwiftPackageProductDependency;
			package = 364EEDA32740ACD700D6FC10 /* XCRemoteSwiftPackageReference "GoogleMaps-SP" */;
			productName = GooglePlaces;
		};
		36BA24F0273EF8F200B5D24F /* RxCocoa */ = {
			isa = XCSwiftPackageProductDependency;
			package = 36BA24EF273EF8F200B5D24F /* XCRemoteSwiftPackageReference "RxSwift" */;
			productName = RxCocoa;
		};
		36BA24F2273EF8F200B5D24F /* RxSwift */ = {
			isa = XCSwiftPackageProductDependency;
			package = 36BA24EF273EF8F200B5D24F /* XCRemoteSwiftPackageReference "RxSwift" */;
			productName = RxSwift;
		};
		36BA24F5273EF95200B5D24F /* Differentiator */ = {
			isa = XCSwiftPackageProductDependency;
			package = 36BA24F4273EF95200B5D24F /* XCRemoteSwiftPackageReference "RxDataSources" */;
			productName = Differentiator;
		};
		36BA24F7273EF95200B5D24F /* RxDataSources */ = {
			isa = XCSwiftPackageProductDependency;
			package = 36BA24F4273EF95200B5D24F /* XCRemoteSwiftPackageReference "RxDataSources" */;
			productName = RxDataSources;
		};
/* End XCSwiftPackageProductDependency section */

/* Begin XCVersionGroup section */
		36BA24B9273EF4F200B5D24F /* ATRestaurants.xcdatamodeld */ = {
			isa = XCVersionGroup;
			children = (
				36BA24BA273EF4F200B5D24F /* ATRestaurants.xcdatamodel */,
			);
			currentVersion = 36BA24BA273EF4F200B5D24F /* ATRestaurants.xcdatamodel */;
			path = ATRestaurants.xcdatamodeld;
			sourceTree = "<group>";
			versionGroupType = wrapper.xcdatamodel;
		};
/* End XCVersionGroup section */
	};
	rootObject = 36BA24A5273EF4F200B5D24F /* Project object */;
}
